<?xml version="1.0" encoding="utf-8"?>
<Project ToolsVersion="4.0" xmlns="http://schemas.microsoft.com/developer/msbuild/2003">
  <ItemGroup>
    <Filter Include="Source Files">
      <UniqueIdentifier>{4FC737F1-C7A5-4376-A066-2A32D752A2FF}</UniqueIdentifier>
      <Extensions>cpp;c;cc;cxx;def;odl;idl;hpj;bat;asm;asmx</Extensions>
    </Filter>
    <Filter Include="Header Files">
      <UniqueIdentifier>{93995380-89BD-4b04-88EB-625FBE52EBFB}</UniqueIdentifier>
      <Extensions>h;hh;hpp;hxx;hm;inl;inc;ipp;xsd</Extensions>
    </Filter>
    <Filter Include="Resource Files">
      <UniqueIdentifier>{67DA6AB6-F800-4c08-8B7A-83BB121AAD01}</UniqueIdentifier>
      <Extensions>rc;ico;cur;bmp;dlg;rc2;rct;bin;rgs;gif;jpg;jpeg;jpe;resx;tiff;tif;png;wav;mfcribbon-ms</Extensions>
    </Filter>
    <Filter Include="Source Files\Simulation">
      <UniqueIdentifier>{5d66a7ec-5735-4ee9-a613-d003eac2b1b1}</UniqueIdentifier>
    </Filter>
    <Filter Include="Source Files\Menu">
      <UniqueIdentifier>{0785c3ca-b949-45dc-95d3-352ff33e9f54}</UniqueIdentifier>
    </Filter>
    <Filter Include="Header Files\Menu">
      <UniqueIdentifier>{509af281-6361-4a97-b11c-4d89a598d2fb}</UniqueIdentifier>
    </Filter>
    <Filter Include="Header Files\Simulation">
      <UniqueIdentifier>{ce7d9128-a317-4354-b7af-691d62c33bf7}</UniqueIdentifier>
    </Filter>
  </ItemGroup>
  <ItemGroup>
    <ClCompile Include="Project\src\Simulation\BaseBoid.cpp">
      <Filter>Source Files\Simulation</Filter>
    </ClCompile>
    <ClCompile Include="Project\src\Simulation\Flock.cpp">
      <Filter>Source Files\Simulation</Filter>
    </ClCompile>
    <ClCompile Include="Project\src\Functions.cpp">
      <Filter>Source Files</Filter>
    </ClCompile>
    <ClCompile Include="Project\src\Game.cpp">
      <Filter>Source Files</Filter>
    </ClCompile>
    <ClCompile Include="Project\src\Simulation\World.cpp">
      <Filter>Source Files\Simulation</Filter>
    </ClCompile>
    <ClCompile Include="Project\src\Simulation\PredatorBoid.cpp">
      <Filter>Source Files\Simulation</Filter>
    </ClCompile>
    <ClCompile Include="Project\src\Simulation\QuadTree.cpp">
      <Filter>Source Files\Simulation</Filter>
    </ClCompile>
    <ClCompile Include="Project\src\Simulation\Simulation.cpp">
      <Filter>Source Files\Simulation</Filter>
    </ClCompile>
    <ClCompile Include="Project\src\Menu\UIElement.cpp">
      <Filter>Source Files\Menu</Filter>
    </ClCompile>
    <ClCompile Include="Project\src\Main.cpp">
      <Filter>Source Files</Filter>
    </ClCompile>
    <ClCompile Include="Project\src\Simulation\Boid.cpp">
      <Filter>Source Files\Simulation</Filter>
    </ClCompile>
    <ClCompile Include="Project\src\Menu\BToggle.cpp">
      <Filter>Source Files\Menu</Filter>
    </ClCompile>
    <ClCompile Include="Project\src\Menu\Button.cpp">
      <Filter>Source Files\Menu</Filter>
    </ClCompile>
    <ClCompile Include="Project\src\Menu\Label.cpp">
      <Filter>Source Files\Menu</Filter>
    </ClCompile>
    <ClCompile Include="Project\src\Menu\Menu.cpp">
      <Filter>Source Files\Menu</Filter>
    </ClCompile>
    <ClCompile Include="Project\src\Simulation\UserBoid.cpp">
      <Filter>Source Files\Simulation</Filter>
    </ClCompile>
    <ClCompile Include="Tab.cpp">
      <Filter>Source Files\Menu</Filter>
    </ClCompile>
  </ItemGroup>
  <ItemGroup>
    <ClInclude Include="Project\include\BaseBoid.h">
      <Filter>Header Files\Simulation</Filter>
    </ClInclude>
    <ClInclude Include="Project\include\Boid.h">
      <Filter>Header Files\Simulation</Filter>
    </ClInclude>
    <ClInclude Include="Project\include\BToggle.h">
      <Filter>Header Files\Menu</Filter>
    </ClInclude>
    <ClInclude Include="Project\include\Button.h">
      <Filter>Header Files\Menu</Filter>
    </ClInclude>
    <ClInclude Include="Project\include\constants.h">
      <Filter>Header Files</Filter>
    </ClInclude>
    <ClInclude Include="Project\include\Flock.h">
      <Filter>Header Files\Simulation</Filter>
    </ClInclude>
    <ClInclude Include="Project\include\Functions.h">
      <Filter>Header Files</Filter>
    </ClInclude>
    <ClInclude Include="Project\include\Game.h">
      <Filter>Header Files</Filter>
    </ClInclude>
    <ClInclude Include="Project\include\Label.h">
      <Filter>Header Files\Menu</Filter>
    </ClInclude>
    <ClInclude Include="Project\include\Menu.h">
      <Filter>Header Files\Menu</Filter>
    </ClInclude>
    <ClInclude Include="Project\include\PredatorBoid.h">
      <Filter>Header Files\Simulation</Filter>
    </ClInclude>
    <ClInclude Include="Project\include\QuadTree.h">
      <Filter>Header Files\Simulation</Filter>
    </ClInclude>
    <ClInclude Include="Project\include\Simulation.h">
      <Filter>Header Files\Simulation</Filter>
    </ClInclude>
    <ClInclude Include="Project\include\UIElement.h">
      <Filter>Header Files\Menu</Filter>
    </ClInclude>
    <ClInclude Include="Project\include\World.h">
      <Filter>Header Files\Simulation</Filter>
    </ClInclude>
    <ClInclude Include="Tab.h">
      <Filter>Header Files\Menu</Filter>
    </ClInclude>
    <ClInclude Include="Project\include\UserBoid.h">
      <Filter>Header Files\Simulation</Filter>
    </ClInclude>
  </ItemGroup>
  <ItemGroup>
    <Image Include="Project\data\gamethingy.png">
      <Filter>Resource Files</Filter>
    </Image>
  </ItemGroup>
  <ItemGroup>
    <Font Include="Project\src\Arial.ttf">
      <Filter>Resource Files</Filter>
    </Font>
  </ItemGroup>
  <ItemGroup>
    <Text Include="Project\data\Text.txt">
      <Filter>Resource Files</Filter>
    </Text>
  </ItemGroup>
</Project>